PODS:
  - Masonry (1.1.0)
  - ReactiveCocoa (2.5):
    - ReactiveCocoa/UI (= 2.5)
  - ReactiveCocoa/Core (2.5):
    - ReactiveCocoa/no-arc
  - ReactiveCocoa/no-arc (2.5)
  - ReactiveCocoa/UI (2.5):
    - ReactiveCocoa/Core
  - YYModel (1.0.4)

DEPENDENCIES:
  - Masonry (~> 1.1.0)
  - ReactiveCocoa (~> 2.5)
  - YYModel (~> 1.0.4)

SPEC REPOS:
  https://github.com/cocoapods/specs.git:
    - Masonry
    - ReactiveCocoa
    - YYModel

SPEC CHECKSUMS:
  Masonry: 678fab65091a9290e40e2832a55e7ab731aad201
  ReactiveCocoa: e2db045570aa97c695e7aa97c2bcab222ae51f4a
  YYModel: 2a7fdd96aaa4b86a824e26d0c517de8928c04b30

PODFILE CHECKSUM: dabee5fe553c5816e359085e4158884432c7a322

COCOAPODS: 1.6.2
